
Microsoft Visual Studio Solution File, Format Version 12.00
# Visual Studio Version 16
VisualStudioVersion = 16.0.34301.259
MinimumVisualStudioVersion = 10.0.40219.1
Project("{FAE04EC0-301F-11D3-BF4B-00C04F79EFBC}") = "email_sender", "email_sender\email_sender.csproj", "{03CFC956-3766-4F43-A3EC-09D1137B7322}"
EndProject
Global
	GlobalSection(SolutionConfigurationPlatforms) = preSolution
		Debug|Any CPU = Debug|Any CPU
		Release|Any CPU = Release|Any CPU
	EndGlobalSection
	GlobalSection(ProjectConfigurationPlatforms) = postSolution
		{03CFC956-3766-4F43-A3EC-09D1137B7322}.Debug|Any CPU.ActiveCfg = Debug|Any CPU
		{03CFC956-3766-4F43-A3EC-09D1137B7322}.Debug|Any CPU.Build.0 = Debug|Any CPU
		{03CFC956-3766-4F43-A3EC-09D1137B7322}.Release|Any CPU.ActiveCfg = Release|Any CPU
		{03CFC956-3766-4F43-A3EC-09D1137B7322}.Release|Any CPU.Build.0 = Release|Any CPU
	EndGlobalSection
	GlobalSection(SolutionProperties) = preSolution
		HideSolutionNode = FALSE
	EndGlobalSection
	GlobalSection(ExtensibilityGlobals) = postSolution
		SolutionGuid = {0AEF3530-1B17-4071-9509-0493DE2F501A}
	EndGlobalSection
EndGlobal
